// !$*UTF8*$!
{
	archiveVersion = 1;
	classes = {
	};
	objectVersion = 50;
	objects = {

/* Begin PBXBuildFile section */
		9A28E5FA20B7BBCF00BC449C /* AppDelegate.swift in Sources */ = {isa = PBXBuildFile; fileRef = 9A28E5F920B7BBCF00BC449C /* AppDelegate.swift */; };
		9A28E5FC20B7BBCF00BC449C /* ViewController.swift in Sources */ = {isa = PBXBuildFile; fileRef = 9A28E5FB20B7BBCF00BC449C /* ViewController.swift */; };
		9A28E5FF20B7BBCF00BC449C /* Main.storyboard in Resources */ = {isa = PBXBuildFile; fileRef = 9A28E5FD20B7BBCF00BC449C /* Main.storyboard */; };
		9A28E60120B7BBD200BC449C /* Assets.xcassets in Resources */ = {isa = PBXBuildFile; fileRef = 9A28E60020B7BBD200BC449C /* Assets.xcassets */; };
		9A28E60420B7BBD200BC449C /* LaunchScreen.storyboard in Resources */ = {isa = PBXBuildFile; fileRef = 9A28E60220B7BBD200BC449C /* LaunchScreen.storyboard */; };
		9A9499C920C8E2CC0071E206 /* BlueManager.swift in Sources */ = {isa = PBXBuildFile; fileRef = 9A9499C620C8E2CC0071E206 /* BlueManager.swift */; };
		9A9499CA20C8E2CC0071E206 /* Blue.swift in Sources */ = {isa = PBXBuildFile; fileRef = 9A9499C720C8E2CC0071E206 /* Blue.swift */; };
		9A9499CB20C8E2CC0071E206 /* NotificationCenter+Extension.swift in Sources */ = {isa = PBXBuildFile; fileRef = 9A9499C820C8E2CC0071E206 /* NotificationCenter+Extension.swift */; };
/* End PBXBuildFile section */

/* Begin PBXFileReference section */
		9A28E5F620B7BBCF00BC449C /* Blue.app */ = {isa = PBXFileReference; explicitFileType = wrapper.application; includeInIndex = 0; path = Blue.app; sourceTree = BUILT_PRODUCTS_DIR; };
		9A28E5F920B7BBCF00BC449C /* AppDelegate.swift */ = {isa = PBXFileReference; lastKnownFileType = sourcecode.swift; path = AppDelegate.swift; sourceTree = "<group>"; };
		9A28E5FB20B7BBCF00BC449C /* ViewController.swift */ = {isa = PBXFileReference; lastKnownFileType = sourcecode.swift; path = ViewController.swift; sourceTree = "<group>"; };
		9A28E5FE20B7BBCF00BC449C /* Base */ = {isa = PBXFileReference; lastKnownFileType = file.storyboard; name = Base; path = Base.lproj/Main.storyboard; sourceTree = "<group>"; };
		9A28E60020B7BBD200BC449C /* Assets.xcassets */ = {isa = PBXFileReference; lastKnownFileType = folder.assetcatalog; path = Assets.xcassets; sourceTree = "<group>"; };
		9A28E60320B7BBD200BC449C /* Base */ = {isa = PBXFileReference; lastKnownFileType = file.storyboard; name = Base; path = Base.lproj/LaunchScreen.storyboard; sourceTree = "<group>"; };
		9A28E60520B7BBD200BC449C /* Info.plist */ = {isa = PBXFileReference; lastKnownFileType = text.plist.xml; path = Info.plist; sourceTree = "<group>"; };
		9A9499C620C8E2CC0071E206 /* BlueManager.swift */ = {isa = PBXFileReference; fileEncoding = 4; lastKnownFileType = sourcecode.swift; path = BlueManager.swift; sourceTree = "<group>"; };
		9A9499C720C8E2CC0071E206 /* Blue.swift */ = {isa = PBXFileReference; fileEncoding = 4; lastKnownFileType = sourcecode.swift; path = Blue.swift; sourceTree = "<group>"; };
		9A9499C820C8E2CC0071E206 /* NotificationCenter+Extension.swift */ = {isa = PBXFileReference; fileEncoding = 4; lastKnownFileType = sourcecode.swift; path = "NotificationCenter+Extension.swift"; sourceTree = "<group>"; };
/* End PBXFileReference section */

/* Begin PBXFrameworksBuildPhase section */
		9A28E5F320B7BBCF00BC449C /* Frameworks */ = {
			isa = PBXFrameworksBuildPhase;
			buildActionMask = 2147483647;
			files = (
			);
			runOnlyForDeploymentPostprocessing = 0;
		};
/* End PBXFrameworksBuildPhase section */

/* Begin PBXGroup section */
		9A28E5ED20B7BBCF00BC449C = {
			isa = PBXGroup;
			children = (
				9A28E5F820B7BBCF00BC449C /* Blue */,
				9A28E5F720B7BBCF00BC449C /* Products */,
			);
			sourceTree = "<group>";
		};
		9A28E5F720B7BBCF00BC449C /* Products */ = {
			isa = PBXGroup;
			children = (
				9A28E5F620B7BBCF00BC449C /* Blue.app */,
			);
			name = Products;
			sourceTree = "<group>";
		};
		9A28E5F820B7BBCF00BC449C /* Blue */ = {
			isa = PBXGroup;
			children = (
				9A9499C520C8E2CC0071E206 /* Sources */,
				9A28E5F920B7BBCF00BC449C /* AppDelegate.swift */,
				9A28E5FB20B7BBCF00BC449C /* ViewController.swift */,
				9A28E5FD20B7BBCF00BC449C /* Main.storyboard */,
				9A28E60020B7BBD200BC449C /* Assets.xcassets */,
				9A28E60220B7BBD200BC449C /* LaunchScreen.storyboard */,
				9A28E60520B7BBD200BC449C /* Info.plist */,
			);
			path = Blue;
			sourceTree = "<group>";
		};
		9A9499C520C8E2CC0071E206 /* Sources */ = {
			isa = PBXGroup;
			children = (
				9A9499C620C8E2CC0071E206 /* BlueManager.swift */,
				9A9499C720C8E2CC0071E206 /* Blue.swift */,
				9A9499C820C8E2CC0071E206 /* NotificationCenter+Extension.swift */,
			);
			path = Sources;
			sourceTree = SOURCE_ROOT;
		};
/* End PBXGroup section */

/* Begin PBXNativeTarget section */
		9A28E5F520B7BBCF00BC449C /* Blue */ = {
			isa = PBXNativeTarget;
			buildConfigurationList = 9A28E60820B7BBD200BC449C /* Build configuration list for PBXNativeTarget "Blue" */;
			buildPhases = (
				9A28E5F220B7BBCF00BC449C /* Sources */,
				9A28E5F320B7BBCF00BC449C /* Frameworks */,
				9A28E5F420B7BBCF00BC449C /* Resources */,
			);
			buildRules = (
			);
			dependencies = (
			);
			name = Blue;
			productName = Blue;
			productReference = 9A28E5F620B7BBCF00BC449C /* Blue.app */;
			productType = "com.apple.product-type.application";
		};
/* End PBXNativeTarget section */

/* Begin PBXProject section */
		9A28E5EE20B7BBCF00BC449C /* Project object */ = {
			isa = PBXProject;
			attributes = {
				LastSwiftUpdateCheck = 0930;
				LastUpgradeCheck = 0930;
				ORGANIZATIONNAME = Fidetro;
				TargetAttributes = {
					9A28E5F520B7BBCF00BC449C = {
						CreatedOnToolsVersion = 9.3.1;
					};
				};
			};
			buildConfigurationList = 9A28E5F120B7BBCF00BC449C /* Build configuration list for PBXProject "Blue" */;
			compatibilityVersion = "Xcode 9.3";
			developmentRegion = en;
			hasScannedForEncodings = 0;
			knownRegions = (
				en,
				Base,
			);
			mainGroup = 9A28E5ED20B7BBCF00BC449C;
			productRefGroup = 9A28E5F720B7BBCF00BC449C /* Products */;
			projectDirPath = "";
			projectRoot = "";
			targets = (
				9A28E5F520B7BBCF00BC449C /* Blue */,
			);
		};
/* End PBXProject section */

/* Begin PBXResourcesBuildPhase section */
		9A28E5F420B7BBCF00BC449C /* Resources */ = {
			isa = PBXResourcesBuildPhase;
			buildActionMask = 2147483647;
			files = (
				9A28E60420B7BBD200BC449C /* LaunchScreen.storyboard in Resources */,
				9A28E60120B7BBD200BC449C /* Assets.xcassets in Resources */,
				9A28E5FF20B7BBCF00BC449C /* Main.storyboard in Resources */,
			);
			runOnlyForDeploymentPostprocessing = 0;
		};
/* End PBXResourcesBuildPhase section */

/* Begin PBXSourcesBuildPhase section */
		9A28E5F220B7BBCF00BC449C /* Sources */ = {
			isa = PBXSourcesBuildPhase;
			buildActionMask = 2147483647;
			files = (
				9A28E5FC20B7BBCF00BC449C /* ViewController.swift in Sources */,
				9A9499CA20C8E2CC0071E206 /* Blue.swift in Sources */,
				9A9499CB20C8E2CC0071E206 /* NotificationCenter+Extension.swift in Sources */,
				9A28E5FA20B7BBCF00BC449C /* AppDelegate.swift in Sources */,
				9A9499C920C8E2CC0071E206 /* BlueManager.swift in Sources */,
			);
			runOnlyForDeploymentPostprocessing = 0;
		};
/* End PBXSourcesBuildPhase section */

/* Begin PBXVariantGroup section */
		9A28E5FD20B7BBCF00BC449C /* Main.storyboard */ = {
			isa = PBXVariantGroup;
			children = (
				9A28E5FE20B7BBCF00BC449C /* Base */,
			);
			name = Main.storyboard;
			sourceTree = "<group>";
		};
		9A28E60220B7BBD200BC449C /* LaunchScreen.storyboard */ = {
			isa = PBXVariantGroup;
			children = (
				9A28E60320B7BBD200BC449C /* Base */,
			);
			name = LaunchScreen.storyboard;
			sourceTree = "<group>";
		};
/* End PBXVariantGroup section */

/* Begin XCBuildConfiguration section */
		9A28E60620B7BBD200BC449C /* Debug */ = {
			isa = XCBuildConfiguration;
			buildSettings = {
				ALWAYS_SEARCH_USER_PATHS = NO;
				CLANG_ANALYZER_NONNULL = YES;
				CLANG_ANALYZER_NUMBER_OBJECT_CONVERSION = YES_AGGRESSIVE;
				CLANG_CXX_LANGUAGE_STANDARD = "gnu++14";
				CLANG_CXX_LIBRARY = "libc++";
				CLANG_ENABLE_MODULES = YES;
				CLANG_ENABLE_OBJC_ARC = YES;
				CLANG_ENABLE_OBJC_WEAK = YES;
				CLANG_WARN_BLOCK_CAPTURE_AUTORELEASING = YES;
				CLANG_WARN_BOOL_CONVERSION = YES;
				CLANG_WARN_COMMA = YES;
				CLANG_WARN_CONSTANT_CONVERSION = YES;
				CLANG_WARN_DEPRECATED_OBJC_IMPLEMENTATIONS = YES;
				CLANG_WARN_DIRECT_OBJC_ISA_USAGE = YES_ERROR;
				CLANG_WARN_DOCUMENTATION_COMMENTS = YES;
				CLANG_WARN_EMPTY_BODY = YES;
				CLANG_WARN_ENUM_CONVERSION = YES;
				CLANG_WARN_INFINITE_RECURSION = YES;
				CLANG_WARN_INT_CONVERSION = YES;
				CLANG_WARN_NON_LITERAL_NULL_CONVERSION = YES;
				CLANG_WARN_OBJC_IMPLICIT_RETAIN_SELF = YES;
				CLANG_WARN_OBJC_LITERAL_CONVERSION = YES;
				CLANG_WARN_OBJC_ROOT_CLASS = YES_ERROR;
				CLANG_WARN_RANGE_LOOP_ANALYSIS = YES;
				CLANG_WARN_STRICT_PROTOTYPES = YES;
				CLANG_WARN_SUSPICIOUS_MOVE = YES;
				CLANG_WARN_UNGUARDED_AVAILABILITY = YES_AGGRESSIVE;
				CLANG_WARN_UNREACHABLE_CODE = YES;
				CLANG_WARN__DUPLICATE_METHOD_MATCH = YES;
				CODE_SIGN_IDENTITY = "iPhone Developer";
				COPY_PHASE_STRIP = NO;
				DEBUG_INFORMATION_FORMAT = dwarf;
				ENABLE_STRICT_OBJC_MSGSEND = YES;
				ENABLE_TESTABILITY = YES;
				GCC_C_LANGUAGE_STANDARD = gnu11;
				GCC_DYNAMIC_NO_PIC = NO;
				GCC_NO_COMMON_BLOCKS = YES;
				GCC_OPTIMIZATION_LEVEL = 0;
				GCC_PREPROCESSOR_DEFINITIONS = (
					"DEBUG=1",
					"$(inherited)",
				);
				GCC_WARN_64_TO_32_BIT_CONVERSION = YES;
				GCC_WARN_ABOUT_RETURN_TYPE = YES_ERROR;
				GCC_WARN_UNDECLARED_SELECTOR = YES;
				GCC_WARN_UNINITIALIZED_AUTOS = YES_AGGRESSIVE;
				GCC_WARN_UNUSED_FUNCTION = YES;
				GCC_WARN_UNUSED_VARIABLE = YES;
				IPHONEOS_DEPLOYMENT_TARGET = 11.3;
				MTL_ENABLE_DEBUG_INFO = YES;
				ONLY_ACTIVE_ARCH = YES;
				SDKROOT = iphoneos;
				SWIFT_ACTIVE_COMPILATION_CONDITIONS = DEBUG;
				SWIFT_OPTIMIZATION_LEVEL = "-Onone";
			};
			name = Debug;
		};
		9A28E60720B7BBD200BC449C /* Release */ = {
			isa = XCBuildConfiguration;
			buildSettings = {
				ALWAYS_SEARCH_USER_PATHS = NO;
				CLANG_ANALYZER_NONNULL = YES;
				CLANG_ANALYZER_NUMBER_OBJECT_CONVERSION = YES_AGGRESSIVE;
				CLANG_CXX_LANGUAGE_STANDARD = "gnu++14";
				CLANG_CXX_LIBRARY = "libc++";
				CLANG_ENABLE_MODULES = YES;
				CLANG_ENABLE_OBJC_ARC = YES;
				CLANG_ENABLE_OBJC_WEAK = YES;
				CLANG_WARN_BLOCK_CAPTURE_AUTORELEASING = YES;
				CLANG_WARN_BOOL_CONVERSION = YES;
				CLANG_WARN_COMMA = YES;
				CLANG_WARN_CONSTANT_CONVERSION = YES;
				CLANG_WARN_DEPRECATED_OBJC_IMPLEMENTATIONS = YES;
				CLANG_WARN_DIRECT_OBJC_ISA_USAGE = YES_ERROR;
				CLANG_WARN_DOCUMENTATION_COMMENTS = YES;
				CLANG_WARN_EMPTY_BODY = YES;
				CLANG_WARN_ENUM_CONVERSION = YES;
				CLANG_WARN_INFINITE_RECURSION = YES;
				CLANG_WARN_INT_CONVERSION = YES;
				CLANG_WARN_NON_LITERAL_NULL_CONVERSION = YES;
				CLANG_WARN_OBJC_IMPLICIT_RETAIN_SELF = YES;
				CLANG_WARN_OBJC_LITERAL_CONVERSION = YES;
				CLANG_WARN_OBJC_ROOT_CLASS = YES_ERROR;
				CLANG_WARN_RANGE_LOOP_ANALYSIS = YES;
				CLANG_WARN_STRICT_PROTOTYPES = YES;
				CLANG_WARN_SUSPICIOUS_MOVE = YES;
				CLANG_WARN_UNGUARDED_AVAILABILITY = YES_AGGRESSIVE;
				CLANG_WARN_UNREACHABLE_CODE = YES;
				CLANG_WARN__DUPLICATE_METHOD_MATCH = YES;
				CODE_SIGN_IDENTITY = "iPhone Developer";
				COPY_PHASE_STRIP = NO;
				DEBUG_INFORMATION_FORMAT = "dwarf-with-dsym";
				ENABLE_NS_ASSERTIONS = NO;
				ENABLE_STRICT_OBJC_MSGSEND = YES;
				GCC_C_LANGUAGE_STANDARD = gnu11;
				GCC_NO_COMMON_BLOCKS = YES;
				GCC_WARN_64_TO_32_BIT_CONVERSION = YES;
				GCC_WARN_ABOUT_RETURN_TYPE = YES_ERROR;
				GCC_WARN_UNDECLARED_SELECTOR = YES;
				GCC_WARN_UNINITIALIZED_AUTOS = YES_AGGRESSIVE;
				GCC_WARN_UNUSED_FUNCTION = YES;
				GCC_WARN_UNUSED_VARIABLE = YES;
				IPHONEOS_DEPLOYMENT_TARGET = 11.3;
				MTL_ENABLE_DEBUG_INFO = NO;
				SDKROOT = iphoneos;
				SWIFT_COMPILATION_MODE = wholemodule;
				SWIFT_OPTIMIZATION_LEVEL = "-O";
				VALIDATE_PRODUCT = YES;
			};
			name = Release;
		};
		9A28E60920B7BBD200BC449C /* Debug */ = {
			isa = XCBuildConfiguration;
			buildSettings = {
				ASSETCATALOG_COMPILER_APPICON_NAME = AppIcon;
				CODE_SIGN_IDENTITY = "iPhone Developer";
				CODE_SIGN_STYLE = Automatic;
				DEVELOPMENT_TEAM = PZX8G85BFY;
				INFOPLIST_FILE = Blue/Info.plist;
				IPHONEOS_DEPLOYMENT_TARGET = 9.0;
				LD_RUNPATH_SEARCH_PATHS = (
					"$(inherited)",
					"@executable_path/Frameworks",
				);
				PRODUCT_BUNDLE_IDENTIFIER = com.Fidetro.Blue;
				PRODUCT_NAME = "$(TARGET_NAME)";
				PROVISIONING_PROFILE_SPECIFIER = "";
				SWIFT_VERSION = 4.2;
				TARGETED_DEVICE_FAMILY = "1,2";
			};
			name = Debug;
		};
		9A28E60A20B7BBD200BC449C /* Release */ = {
			isa = XCBuildConfiguration;
			buildSettings = {
				ASSETCATALOG_COMPILER_APPICON_NAME = AppIcon;
				CODE_SIGN_IDENTITY = "iPhone Developer";
				CODE_SIGN_STYLE = Automatic;
				DEVELOPMENT_TEAM = PZX8G85BFY;
				INFOPLIST_FILE = Blue/Info.plist;
				IPHONEOS_DEPLOYMENT_TARGET = 9.0;
				LD_RUNPATH_SEARCH_PATHS = (
					"$(inherited)",
					"@executable_path/Frameworks",
				);
				PRODUCT_BUNDLE_IDENTIFIER = com.Fidetro.Blue;
				PRODUCT_NAME = "$(TARGET_NAME)";
				PROVISIONING_PROFILE_SPECIFIER = "";
				SWIFT_VERSION = 4.2;
				TARGETED_DEVICE_FAMILY = "1,2";
			};
			name = Release;
		};
/* End XCBuildConfiguration section */

/* Begin XCConfigurationList section */
		9A28E5F120B7BBCF00BC449C /* Build configuration list for PBXProject "Blue" */ = {
			isa = XCConfigurationList;
			buildConfigurations = (
				9A28E60620B7BBD200BC449C /* Debug */,
				9A28E60720B7BBD200BC449C /* Release */,
			);
			defaultConfigurationIsVisible = 0;
			defaultConfigurationName = Release;
		};
		9A28E60820B7BBD200BC449C /* Build configuration list for PBXNativeTarget "Blue" */ = {
			isa = XCConfigurationList;
			buildConfigurations = (
				9A28E60920B7BBD200BC449C /* Debug */,
				9A28E60A20B7BBD200BC449C /* Release */,
			);
			defaultConfigurationIsVisible = 0;
			defaultConfigurationName = Release;
		};
/* End XCConfigurationList section */
	};
	rootObject = 9A28E5EE20B7BBCF00BC449C /* Project object */;
}
